
Microsoft Visual Studio Solution File, Format Version 12.00
# Visual Studio Version 17
VisualStudioVersion = 17.9.34622.214
MinimumVisualStudioVersion = 10.0.40219.1
Project("{9A19103F-16F7-4668-BE54-9A1E7A4F7556}") = "HandyWMS_Client", "HandyWMS_Client.csproj", "{7839DD6A-126C-4671-B970-FC06A9D368DC}"
EndProject
Project("{9A19103F-16F7-4668-BE54-9A1E7A4F7556}") = "HandyWMS_Server", "..\HandyWMS_Server\HandyWMS_Server.csproj", "{14F03A63-0777-4936-9C28-C7EE6F3826F7}"
EndProject
Project("{9A19103F-16F7-4668-BE54-9A1E7A4F7556}") = "HandyWMS_ClassLibrary", "..\HandyWMS_ClassLibrary\HandyWMS_ClassLibrary.csproj", "{69B0EE6A-912F-4DC4-AF8A-8175D54F1403}"
EndProject
Global
	GlobalSection(SolutionConfigurationPlatforms) = preSolution
		Debug|Any CPU = Debug|Any CPU
		Release|Any CPU = Release|Any CPU
	EndGlobalSection
	GlobalSection(ProjectConfigurationPlatforms) = postSolution
		{7839DD6A-126C-4671-B970-FC06A9D368DC}.Debug|Any CPU.ActiveCfg = Debug|Any CPU
		{7839DD6A-126C-4671-B970-FC06A9D368DC}.Debug|Any CPU.Build.0 = Debug|Any CPU
		{7839DD6A-126C-4671-B970-FC06A9D368DC}.Release|Any CPU.ActiveCfg = Release|Any CPU
		{7839DD6A-126C-4671-B970-FC06A9D368DC}.Release|Any CPU.Build.0 = Release|Any CPU
		{14F03A63-0777-4936-9C28-C7EE6F3826F7}.Debug|Any CPU.ActiveCfg = Debug|Any CPU
		{14F03A63-0777-4936-9C28-C7EE6F3826F7}.Debug|Any CPU.Build.0 = Debug|Any CPU
		{14F03A63-0777-4936-9C28-C7EE6F3826F7}.Release|Any CPU.ActiveCfg = Release|Any CPU
		{14F03A63-0777-4936-9C28-C7EE6F3826F7}.Release|Any CPU.Build.0 = Release|Any CPU
		{69B0EE6A-912F-4DC4-AF8A-8175D54F1403}.Debug|Any CPU.ActiveCfg = Debug|Any CPU
		{69B0EE6A-912F-4DC4-AF8A-8175D54F1403}.Debug|Any CPU.Build.0 = Debug|Any CPU
		{69B0EE6A-912F-4DC4-AF8A-8175D54F1403}.Release|Any CPU.ActiveCfg = Release|Any CPU
		{69B0EE6A-912F-4DC4-AF8A-8175D54F1403}.Release|Any CPU.Build.0 = Release|Any CPU
	EndGlobalSection
	GlobalSection(SolutionProperties) = preSolution
		HideSolutionNode = FALSE
	EndGlobalSection
	GlobalSection(ExtensibilityGlobals) = postSolution
		SolutionGuid = {6F2DD4E0-84D6-49A3-8590-6E47610F7CD8}
	EndGlobalSection
EndGlobal
